
Microsoft Visual Studio Solution File, Format Version 12.00
# Visual Studio Version 17
VisualStudioVersion = 17.8.34322.80
MinimumVisualStudioVersion = 10.0.40219.1
Project("{9A19103F-16F7-4668-BE54-9A1E7A4F7556}") = "StupidBear.Core", "StupidBear.Core\StupidBear.Core.csproj", "{AFA8CFA9-9F95-442F-B990-350773E274B4}"
EndProject
Project("{9A19103F-16F7-4668-BE54-9A1E7A4F7556}") = "StupidBear.Main", "StupidBear.Main\StupidBear.Main.csproj", "{9EA7E10C-C9F4-4713-B3E8-299B4DFEC67A}"
EndProject
Project("{FAE04EC0-301F-11D3-BF4B-00C04F79EFBC}") = "StupidBear.Wpf", "StupidBear.Wpf\StupidBear.Wpf.csproj", "{5C9CB9BD-DC50-43CB-917D-0D7A6B0494FA}"
EndProject
Project("{2150E333-8FDC-42A3-9474-1A3956D46DE8}") = "Modules", "Modules", "{6B99FFE9-6F7F-448F-AB90-34BD4E91BBC8}"
EndProject
Project("{FAE04EC0-301F-11D3-BF4B-00C04F79EFBC}") = "StupidBear.ModuleA", "Modules\StupidBear.ModuleA\StupidBear.ModuleA.csproj", "{4E724F9D-A76C-4618-A1A4-B513BDBF6241}"
EndProject
Global
	GlobalSection(SolutionConfigurationPlatforms) = preSolution
		Debug|Any CPU = Debug|Any CPU
		Release|Any CPU = Release|Any CPU
	EndGlobalSection
	GlobalSection(ProjectConfigurationPlatforms) = postSolution
		{AFA8CFA9-9F95-442F-B990-350773E274B4}.Debug|Any CPU.ActiveCfg = Debug|Any CPU
		{AFA8CFA9-9F95-442F-B990-350773E274B4}.Debug|Any CPU.Build.0 = Debug|Any CPU
		{AFA8CFA9-9F95-442F-B990-350773E274B4}.Release|Any CPU.ActiveCfg = Release|Any CPU
		{AFA8CFA9-9F95-442F-B990-350773E274B4}.Release|Any CPU.Build.0 = Release|Any CPU
		{9EA7E10C-C9F4-4713-B3E8-299B4DFEC67A}.Debug|Any CPU.ActiveCfg = Debug|Any CPU
		{9EA7E10C-C9F4-4713-B3E8-299B4DFEC67A}.Debug|Any CPU.Build.0 = Debug|Any CPU
		{9EA7E10C-C9F4-4713-B3E8-299B4DFEC67A}.Release|Any CPU.ActiveCfg = Release|Any CPU
		{9EA7E10C-C9F4-4713-B3E8-299B4DFEC67A}.Release|Any CPU.Build.0 = Release|Any CPU
		{5C9CB9BD-DC50-43CB-917D-0D7A6B0494FA}.Debug|Any CPU.ActiveCfg = Debug|Any CPU
		{5C9CB9BD-DC50-43CB-917D-0D7A6B0494FA}.Debug|Any CPU.Build.0 = Debug|Any CPU
		{5C9CB9BD-DC50-43CB-917D-0D7A6B0494FA}.Release|Any CPU.ActiveCfg = Release|Any CPU
		{5C9CB9BD-DC50-43CB-917D-0D7A6B0494FA}.Release|Any CPU.Build.0 = Release|Any CPU
		{4E724F9D-A76C-4618-A1A4-B513BDBF6241}.Debug|Any CPU.ActiveCfg = Debug|Any CPU
		{4E724F9D-A76C-4618-A1A4-B513BDBF6241}.Debug|Any CPU.Build.0 = Debug|Any CPU
		{4E724F9D-A76C-4618-A1A4-B513BDBF6241}.Release|Any CPU.ActiveCfg = Release|Any CPU
		{4E724F9D-A76C-4618-A1A4-B513BDBF6241}.Release|Any CPU.Build.0 = Release|Any CPU
	EndGlobalSection
	GlobalSection(SolutionProperties) = preSolution
		HideSolutionNode = FALSE
	EndGlobalSection
	GlobalSection(NestedProjects) = preSolution
		{4E724F9D-A76C-4618-A1A4-B513BDBF6241} = {6B99FFE9-6F7F-448F-AB90-34BD4E91BBC8}
	EndGlobalSection
	GlobalSection(ExtensibilityGlobals) = postSolution
		SolutionGuid = {3E5ABEEC-377C-45F1-BCEC-E79F4DB71562}
	EndGlobalSection
EndGlobal
